
Microsoft Visual Studio Solution File, Format Version 12.00
# Visual Studio Version 17
VisualStudioVersion = 17.14.36408.4
MinimumVisualStudioVersion = 10.0.40219.1
Project("{FAE04EC0-301F-11D3-BF4B-00C04F79EFBC}") = "CodeGeneratorDAL", "CodeGeneratorDAL.csproj", "{353F32D8-F24A-4C9C-AC9E-C1E4884D3A72}"
EndProject
Project("{FAE04EC0-301F-11D3-BF4B-00C04F79EFBC}") = "DataSet", "..\DataSet\DataSet.csproj", "{811C095C-9028-40DE-B132-94539B9BDA2E}"
EndProject
Project("{FAE04EC0-301F-11D3-BF4B-00C04F79EFBC}") = "BussinessLogic", "..\BussinessLogic\BussinessLogic.csproj", "{07EC1C4B-8418-4EB9-B6F7-E3A730D40759}"
EndProject
Global
	GlobalSection(SolutionConfigurationPlatforms) = preSolution
		Debug|Any CPU = Debug|Any CPU
		Release|Any CPU = Release|Any CPU
	EndGlobalSection
	GlobalSection(ProjectConfigurationPlatforms) = postSolution
		{353F32D8-F24A-4C9C-AC9E-C1E4884D3A72}.Debug|Any CPU.ActiveCfg = Debug|Any CPU
		{353F32D8-F24A-4C9C-AC9E-C1E4884D3A72}.Debug|Any CPU.Build.0 = Debug|Any CPU
		{353F32D8-F24A-4C9C-AC9E-C1E4884D3A72}.Release|Any CPU.ActiveCfg = Release|Any CPU
		{353F32D8-F24A-4C9C-AC9E-C1E4884D3A72}.Release|Any CPU.Build.0 = Release|Any CPU
		{811C095C-9028-40DE-B132-94539B9BDA2E}.Debug|Any CPU.ActiveCfg = Debug|Any CPU
		{811C095C-9028-40DE-B132-94539B9BDA2E}.Debug|Any CPU.Build.0 = Debug|Any CPU
		{811C095C-9028-40DE-B132-94539B9BDA2E}.Release|Any CPU.ActiveCfg = Release|Any CPU
		{811C095C-9028-40DE-B132-94539B9BDA2E}.Release|Any CPU.Build.0 = Release|Any CPU
		{07EC1C4B-8418-4EB9-B6F7-E3A730D40759}.Debug|Any CPU.ActiveCfg = Debug|Any CPU
		{07EC1C4B-8418-4EB9-B6F7-E3A730D40759}.Debug|Any CPU.Build.0 = Debug|Any CPU
		{07EC1C4B-8418-4EB9-B6F7-E3A730D40759}.Release|Any CPU.ActiveCfg = Release|Any CPU
		{07EC1C4B-8418-4EB9-B6F7-E3A730D40759}.Release|Any CPU.Build.0 = Release|Any CPU
	EndGlobalSection
	GlobalSection(SolutionProperties) = preSolution
		HideSolutionNode = FALSE
	EndGlobalSection
	GlobalSection(ExtensibilityGlobals) = postSolution
		SolutionGuid = {E9B6EBFF-C6CD-4B16-B76A-A007BCEA6471}
	EndGlobalSection
EndGlobal
